
Microsoft Visual Studio Solution File, Format Version 12.00
# Visual Studio 2013
VisualStudioVersion = 12.0.31101.0
MinimumVisualStudioVersion = 10.0.40219.1
Project("{8BC9CEB8-8B4A-11D0-8D11-00A0C91BC942}") = "libvgmstream", "src\libvgmstream.vcxproj", "{54A6AD11-5369-4895-A06F-E255ABB99B11}"
EndProject
Project("{8BC9CEB8-8B4A-11D0-8D11-00A0C91BC942}") = "in_vgmstream", "winamp\in_vgmstream.vcxproj", "{42D86561-8CE4-40F5-86CE-58C986B77502}"
EndProject
Project("{8BC9CEB8-8B4A-11D0-8D11-00A0C91BC942}") = "ext_libs", "ext_libs\ext_libs.vcxproj", "{10E6BFC6-1E5B-46E4-BA42-F04DFBD0ABFF}"
EndProject
Project("{8BC9CEB8-8B4A-11D0-8D11-00A0C91BC942}") = "exportloop", "exportloop\exportloop.vcxproj", "{575639B5-08B7-4D3F-867D-302892E27CA3}"
EndProject
Project("{F184B08F-C81C-45F6-A57F-5ABD9991F28F}") = "ExportLoopVB", "ExportLoopVB\ExportLoopVB.vbproj", "{9E1A5300-E10A-42A9-B23B-9129E51F09C7}"
EndProject
Global
	GlobalSection(SolutionConfigurationPlatforms) = preSolution
		Debug|Any CPU = Debug|Any CPU
		Debug|Mixed Platforms = Debug|Mixed Platforms
		Debug|Win32 = Debug|Win32
		Debug|x86 = Debug|x86
		NoAacMp4|Any CPU = NoAacMp4|Any CPU
		NoAacMp4|Mixed Platforms = NoAacMp4|Mixed Platforms
		NoAacMp4|Win32 = NoAacMp4|Win32
		NoAacMp4|x86 = NoAacMp4|x86
		Release|Any CPU = Release|Any CPU
		Release|Mixed Platforms = Release|Mixed Platforms
		Release|Win32 = Release|Win32
		Release|x86 = Release|x86
	EndGlobalSection
	GlobalSection(ProjectConfigurationPlatforms) = postSolution
		{54A6AD11-5369-4895-A06F-E255ABB99B11}.Debug|Any CPU.ActiveCfg = Debug|Win32
		{54A6AD11-5369-4895-A06F-E255ABB99B11}.Debug|Mixed Platforms.ActiveCfg = Debug|Win32
		{54A6AD11-5369-4895-A06F-E255ABB99B11}.Debug|Mixed Platforms.Build.0 = Debug|Win32
		{54A6AD11-5369-4895-A06F-E255ABB99B11}.Debug|Win32.ActiveCfg = Debug|Win32
		{54A6AD11-5369-4895-A06F-E255ABB99B11}.Debug|Win32.Build.0 = Debug|Win32
		{54A6AD11-5369-4895-A06F-E255ABB99B11}.Debug|x86.ActiveCfg = Debug|Win32
		{54A6AD11-5369-4895-A06F-E255ABB99B11}.Debug|x86.Build.0 = Debug|Win32
		{54A6AD11-5369-4895-A06F-E255ABB99B11}.NoAacMp4|Any CPU.ActiveCfg = NoAacMp4|Win32
		{54A6AD11-5369-4895-A06F-E255ABB99B11}.NoAacMp4|Mixed Platforms.ActiveCfg = NoAacMp4|Win32
		{54A6AD11-5369-4895-A06F-E255ABB99B11}.NoAacMp4|Mixed Platforms.Build.0 = NoAacMp4|Win32
		{54A6AD11-5369-4895-A06F-E255ABB99B11}.NoAacMp4|Win32.ActiveCfg = NoAacMp4|Win32
		{54A6AD11-5369-4895-A06F-E255ABB99B11}.NoAacMp4|Win32.Build.0 = NoAacMp4|Win32
		{54A6AD11-5369-4895-A06F-E255ABB99B11}.NoAacMp4|x86.ActiveCfg = NoAacMp4|Win32
		{54A6AD11-5369-4895-A06F-E255ABB99B11}.NoAacMp4|x86.Build.0 = NoAacMp4|Win32
		{54A6AD11-5369-4895-A06F-E255ABB99B11}.Release|Any CPU.ActiveCfg = Release|Win32
		{54A6AD11-5369-4895-A06F-E255ABB99B11}.Release|Mixed Platforms.ActiveCfg = Release|Win32
		{54A6AD11-5369-4895-A06F-E255ABB99B11}.Release|Mixed Platforms.Build.0 = Release|Win32
		{54A6AD11-5369-4895-A06F-E255ABB99B11}.Release|Win32.ActiveCfg = Release|Win32
		{54A6AD11-5369-4895-A06F-E255ABB99B11}.Release|Win32.Build.0 = Release|Win32
		{54A6AD11-5369-4895-A06F-E255ABB99B11}.Release|x86.ActiveCfg = Release|Win32
		{54A6AD11-5369-4895-A06F-E255ABB99B11}.Release|x86.Build.0 = Release|Win32
		{42D86561-8CE4-40F5-86CE-58C986B77502}.Debug|Any CPU.ActiveCfg = Debug|Win32
		{42D86561-8CE4-40F5-86CE-58C986B77502}.Debug|Mixed Platforms.ActiveCfg = Debug|Win32
		{42D86561-8CE4-40F5-86CE-58C986B77502}.Debug|Mixed Platforms.Build.0 = Debug|Win32
		{42D86561-8CE4-40F5-86CE-58C986B77502}.Debug|Win32.ActiveCfg = Debug|Win32
		{42D86561-8CE4-40F5-86CE-58C986B77502}.Debug|Win32.Build.0 = Debug|Win32
		{42D86561-8CE4-40F5-86CE-58C986B77502}.Debug|x86.ActiveCfg = Debug|Win32
		{42D86561-8CE4-40F5-86CE-58C986B77502}.Debug|x86.Build.0 = Debug|Win32
		{42D86561-8CE4-40F5-86CE-58C986B77502}.NoAacMp4|Any CPU.ActiveCfg = NoAacMp4|Win32
		{42D86561-8CE4-40F5-86CE-58C986B77502}.NoAacMp4|Mixed Platforms.ActiveCfg = NoAacMp4|Win32
		{42D86561-8CE4-40F5-86CE-58C986B77502}.NoAacMp4|Mixed Platforms.Build.0 = NoAacMp4|Win32
		{42D86561-8CE4-40F5-86CE-58C986B77502}.NoAacMp4|Win32.ActiveCfg = NoAacMp4|Win32
		{42D86561-8CE4-40F5-86CE-58C986B77502}.NoAacMp4|Win32.Build.0 = NoAacMp4|Win32
		{42D86561-8CE4-40F5-86CE-58C986B77502}.NoAacMp4|x86.ActiveCfg = NoAacMp4|Win32
		{42D86561-8CE4-40F5-86CE-58C986B77502}.NoAacMp4|x86.Build.0 = NoAacMp4|Win32
		{42D86561-8CE4-40F5-86CE-58C986B77502}.Release|Any CPU.ActiveCfg = Release|Win32
		{42D86561-8CE4-40F5-86CE-58C986B77502}.Release|Mixed Platforms.ActiveCfg = Release|Win32
		{42D86561-8CE4-40F5-86CE-58C986B77502}.Release|Mixed Platforms.Build.0 = Release|Win32
		{42D86561-8CE4-40F5-86CE-58C986B77502}.Release|Win32.ActiveCfg = Release|Win32
		{42D86561-8CE4-40F5-86CE-58C986B77502}.Release|Win32.Build.0 = Release|Win32
		{42D86561-8CE4-40F5-86CE-58C986B77502}.Release|x86.ActiveCfg = Release|Win32
		{42D86561-8CE4-40F5-86CE-58C986B77502}.Release|x86.Build.0 = Release|Win32
		{10E6BFC6-1E5B-46E4-BA42-F04DFBD0ABFF}.Debug|Any CPU.ActiveCfg = Debug|Win32
		{10E6BFC6-1E5B-46E4-BA42-F04DFBD0ABFF}.Debug|Mixed Platforms.ActiveCfg = Debug|Win32
		{10E6BFC6-1E5B-46E4-BA42-F04DFBD0ABFF}.Debug|Mixed Platforms.Build.0 = Debug|Win32
		{10E6BFC6-1E5B-46E4-BA42-F04DFBD0ABFF}.Debug|Win32.ActiveCfg = Debug|Win32
		{10E6BFC6-1E5B-46E4-BA42-F04DFBD0ABFF}.Debug|Win32.Build.0 = Debug|Win32
		{10E6BFC6-1E5B-46E4-BA42-F04DFBD0ABFF}.Debug|x86.ActiveCfg = Debug|Win32
		{10E6BFC6-1E5B-46E4-BA42-F04DFBD0ABFF}.Debug|x86.Build.0 = Debug|Win32
		{10E6BFC6-1E5B-46E4-BA42-F04DFBD0ABFF}.NoAacMp4|Any CPU.ActiveCfg = NoAacMp4|Win32
		{10E6BFC6-1E5B-46E4-BA42-F04DFBD0ABFF}.NoAacMp4|Mixed Platforms.ActiveCfg = NoAacMp4|Win32
		{10E6BFC6-1E5B-46E4-BA42-F04DFBD0ABFF}.NoAacMp4|Mixed Platforms.Build.0 = NoAacMp4|Win32
		{10E6BFC6-1E5B-46E4-BA42-F04DFBD0ABFF}.NoAacMp4|Win32.ActiveCfg = NoAacMp4|Win32
		{10E6BFC6-1E5B-46E4-BA42-F04DFBD0ABFF}.NoAacMp4|Win32.Build.0 = NoAacMp4|Win32
		{10E6BFC6-1E5B-46E4-BA42-F04DFBD0ABFF}.NoAacMp4|x86.ActiveCfg = NoAacMp4|Win32
		{10E6BFC6-1E5B-46E4-BA42-F04DFBD0ABFF}.NoAacMp4|x86.Build.0 = NoAacMp4|Win32
		{10E6BFC6-1E5B-46E4-BA42-F04DFBD0ABFF}.Release|Any CPU.ActiveCfg = Release|Win32
		{10E6BFC6-1E5B-46E4-BA42-F04DFBD0ABFF}.Release|Mixed Platforms.ActiveCfg = Release|Win32
		{10E6BFC6-1E5B-46E4-BA42-F04DFBD0ABFF}.Release|Mixed Platforms.Build.0 = Release|Win32
		{10E6BFC6-1E5B-46E4-BA42-F04DFBD0ABFF}.Release|Win32.ActiveCfg = Release|Win32
		{10E6BFC6-1E5B-46E4-BA42-F04DFBD0ABFF}.Release|Win32.Build.0 = Release|Win32
		{10E6BFC6-1E5B-46E4-BA42-F04DFBD0ABFF}.Release|x86.ActiveCfg = Release|Win32
		{10E6BFC6-1E5B-46E4-BA42-F04DFBD0ABFF}.Release|x86.Build.0 = Release|Win32
		{575639B5-08B7-4D3F-867D-302892E27CA3}.Debug|Any CPU.ActiveCfg = Debug|Win32
		{575639B5-08B7-4D3F-867D-302892E27CA3}.Debug|Mixed Platforms.ActiveCfg = Debug|Win32
		{575639B5-08B7-4D3F-867D-302892E27CA3}.Debug|Mixed Platforms.Build.0 = Debug|Win32
		{575639B5-08B7-4D3F-867D-302892E27CA3}.Debug|Win32.ActiveCfg = Debug|Win32
		{575639B5-08B7-4D3F-867D-302892E27CA3}.Debug|Win32.Build.0 = Debug|Win32
		{575639B5-08B7-4D3F-867D-302892E27CA3}.Debug|x86.ActiveCfg = Debug|Win32
		{575639B5-08B7-4D3F-867D-302892E27CA3}.Debug|x86.Build.0 = Debug|Win32
		{575639B5-08B7-4D3F-867D-302892E27CA3}.NoAacMp4|Any CPU.ActiveCfg = NoAacMp4|Win32
		{575639B5-08B7-4D3F-867D-302892E27CA3}.NoAacMp4|Mixed Platforms.ActiveCfg = NoAacMp4|Win32
		{575639B5-08B7-4D3F-867D-302892E27CA3}.NoAacMp4|Mixed Platforms.Build.0 = NoAacMp4|Win32
		{575639B5-08B7-4D3F-867D-302892E27CA3}.NoAacMp4|Win32.ActiveCfg = NoAacMp4|Win32
		{575639B5-08B7-4D3F-867D-302892E27CA3}.NoAacMp4|Win32.Build.0 = NoAacMp4|Win32
		{575639B5-08B7-4D3F-867D-302892E27CA3}.NoAacMp4|x86.ActiveCfg = NoAacMp4|Win32
		{575639B5-08B7-4D3F-867D-302892E27CA3}.NoAacMp4|x86.Build.0 = NoAacMp4|Win32
		{575639B5-08B7-4D3F-867D-302892E27CA3}.Release|Any CPU.ActiveCfg = Release|Win32
		{575639B5-08B7-4D3F-867D-302892E27CA3}.Release|Mixed Platforms.ActiveCfg = Release|Win32
		{575639B5-08B7-4D3F-867D-302892E27CA3}.Release|Mixed Platforms.Build.0 = Release|Win32
		{575639B5-08B7-4D3F-867D-302892E27CA3}.Release|Win32.ActiveCfg = Release|Win32
		{575639B5-08B7-4D3F-867D-302892E27CA3}.Release|Win32.Build.0 = Release|Win32
		{575639B5-08B7-4D3F-867D-302892E27CA3}.Release|x86.ActiveCfg = Release|Win32
		{575639B5-08B7-4D3F-867D-302892E27CA3}.Release|x86.Build.0 = Release|Win32
		{9E1A5300-E10A-42A9-B23B-9129E51F09C7}.Debug|Any CPU.ActiveCfg = Debug|Any CPU
		{9E1A5300-E10A-42A9-B23B-9129E51F09C7}.Debug|Any CPU.Build.0 = Debug|Any CPU
		{9E1A5300-E10A-42A9-B23B-9129E51F09C7}.Debug|Mixed Platforms.ActiveCfg = Debug|x86
		{9E1A5300-E10A-42A9-B23B-9129E51F09C7}.Debug|Mixed Platforms.Build.0 = Debug|x86
		{9E1A5300-E10A-42A9-B23B-9129E51F09C7}.Debug|Win32.ActiveCfg = Debug|x86
		{9E1A5300-E10A-42A9-B23B-9129E51F09C7}.Debug|Win32.Build.0 = Debug|x86
		{9E1A5300-E10A-42A9-B23B-9129E51F09C7}.Debug|x86.ActiveCfg = Debug|x86
		{9E1A5300-E10A-42A9-B23B-9129E51F09C7}.Debug|x86.Build.0 = Debug|x86
		{9E1A5300-E10A-42A9-B23B-9129E51F09C7}.NoAacMp4|Any CPU.ActiveCfg = Release|Any CPU
		{9E1A5300-E10A-42A9-B23B-9129E51F09C7}.NoAacMp4|Any CPU.Build.0 = Release|Any CPU
		{9E1A5300-E10A-42A9-B23B-9129E51F09C7}.NoAacMp4|Mixed Platforms.ActiveCfg = Release|x86
		{9E1A5300-E10A-42A9-B23B-9129E51F09C7}.NoAacMp4|Mixed Platforms.Build.0 = Release|x86
		{9E1A5300-E10A-42A9-B23B-9129E51F09C7}.NoAacMp4|Win32.ActiveCfg = Release|x86
		{9E1A5300-E10A-42A9-B23B-9129E51F09C7}.NoAacMp4|Win32.Build.0 = Release|x86
		{9E1A5300-E10A-42A9-B23B-9129E51F09C7}.NoAacMp4|x86.ActiveCfg = Release|x86
		{9E1A5300-E10A-42A9-B23B-9129E51F09C7}.NoAacMp4|x86.Build.0 = Release|x86
		{9E1A5300-E10A-42A9-B23B-9129E51F09C7}.Release|Any CPU.ActiveCfg = Release|Any CPU
		{9E1A5300-E10A-42A9-B23B-9129E51F09C7}.Release|Any CPU.Build.0 = Release|Any CPU
		{9E1A5300-E10A-42A9-B23B-9129E51F09C7}.Release|Mixed Platforms.ActiveCfg = Release|x86
		{9E1A5300-E10A-42A9-B23B-9129E51F09C7}.Release|Mixed Platforms.Build.0 = Release|x86
		{9E1A5300-E10A-42A9-B23B-9129E51F09C7}.Release|Win32.ActiveCfg = Release|x86
		{9E1A5300-E10A-42A9-B23B-9129E51F09C7}.Release|Win32.Build.0 = Release|x86
		{9E1A5300-E10A-42A9-B23B-9129E51F09C7}.Release|x86.ActiveCfg = Release|x86
		{9E1A5300-E10A-42A9-B23B-9129E51F09C7}.Release|x86.Build.0 = Release|x86
	EndGlobalSection
	GlobalSection(SolutionProperties) = preSolution
		HideSolutionNode = FALSE
	EndGlobalSection
EndGlobal
